// !$*UTF8*$!
{
	archiveVersion = 1;
	classes = {
	};
	objectVersion = 46;
	objects = {

/* Begin PBXBuildFile section */
		0029E00A1EF489B800E2ADCC /* RegisterPageViewController.swift in Sources */ = {isa = PBXBuildFile; fileRef = 0029E0091EF489B800E2ADCC /* RegisterPageViewController.swift */; };
		005660021EF4C6CC00288804 /* Consts.swift in Sources */ = {isa = PBXBuildFile; fileRef = 005660011EF4C6CC00288804 /* Consts.swift */; };
		005660041EF4DFD700288804 /* LoginViewController.swift in Sources */ = {isa = PBXBuildFile; fileRef = 005660031EF4DFD700288804 /* LoginViewController.swift */; };
		0057EC691EF5AFFA0047C757 /* SearchTableViewController.swift in Sources */ = {isa = PBXBuildFile; fileRef = 0057EC681EF5AFFA0047C757 /* SearchTableViewController.swift */; };
		0057EC6D1EF5F59F0047C757 /* SearchPageViewController.swift in Sources */ = {isa = PBXBuildFile; fileRef = 0057EC6C1EF5F59F0047C757 /* SearchPageViewController.swift */; };
		00D6B6291EECA3D600F41D58 /* AppDelegate.swift in Sources */ = {isa = PBXBuildFile; fileRef = 00D6B6281EECA3D600F41D58 /* AppDelegate.swift */; };
		00D6B62B1EECA3D600F41D58 /* ViewController.swift in Sources */ = {isa = PBXBuildFile; fileRef = 00D6B62A1EECA3D600F41D58 /* ViewController.swift */; };
		00D6B62E1EECA3D700F41D58 /* Main.storyboard in Resources */ = {isa = PBXBuildFile; fileRef = 00D6B62C1EECA3D700F41D58 /* Main.storyboard */; };
		00D6B6301EECA3D700F41D58 /* Assets.xcassets in Resources */ = {isa = PBXBuildFile; fileRef = 00D6B62F1EECA3D700F41D58 /* Assets.xcassets */; };
		00D6B6331EECA3D700F41D58 /* LaunchScreen.storyboard in Resources */ = {isa = PBXBuildFile; fileRef = 00D6B6311EECA3D700F41D58 /* LaunchScreen.storyboard */; };
		25660B3B82147BDF5831C19E /* Pods_ari.framework in Frameworks */ = {isa = PBXBuildFile; fileRef = CE694AC6CBD67C7A2E3F8368 /* Pods_ari.framework */; };
/* End PBXBuildFile section */

/* Begin PBXFileReference section */
		0029E0091EF489B800E2ADCC /* RegisterPageViewController.swift */ = {isa = PBXFileReference; fileEncoding = 4; lastKnownFileType = sourcecode.swift; path = RegisterPageViewController.swift; sourceTree = "<group>"; };
		005660011EF4C6CC00288804 /* Consts.swift */ = {isa = PBXFileReference; fileEncoding = 4; lastKnownFileType = sourcecode.swift; path = Consts.swift; sourceTree = "<group>"; };
		005660031EF4DFD700288804 /* LoginViewController.swift */ = {isa = PBXFileReference; fileEncoding = 4; lastKnownFileType = sourcecode.swift; path = LoginViewController.swift; sourceTree = "<group>"; };
		0057EC681EF5AFFA0047C757 /* SearchTableViewController.swift */ = {isa = PBXFileReference; fileEncoding = 4; lastKnownFileType = sourcecode.swift; path = SearchTableViewController.swift; sourceTree = "<group>"; };
		0057EC6C1EF5F59F0047C757 /* SearchPageViewController.swift */ = {isa = PBXFileReference; fileEncoding = 4; lastKnownFileType = sourcecode.swift; path = SearchPageViewController.swift; sourceTree = "<group>"; };
		00D6B6251EECA3D600F41D58 /* ari.app */ = {isa = PBXFileReference; explicitFileType = wrapper.application; includeInIndex = 0; path = ari.app; sourceTree = BUILT_PRODUCTS_DIR; };
		00D6B6281EECA3D600F41D58 /* AppDelegate.swift */ = {isa = PBXFileReference; lastKnownFileType = sourcecode.swift; path = AppDelegate.swift; sourceTree = "<group>"; };
		00D6B62A1EECA3D600F41D58 /* ViewController.swift */ = {isa = PBXFileReference; lastKnownFileType = sourcecode.swift; path = ViewController.swift; sourceTree = "<group>"; };
		00D6B62D1EECA3D700F41D58 /* Base */ = {isa = PBXFileReference; lastKnownFileType = file.storyboard; name = Base; path = Base.lproj/Main.storyboard; sourceTree = "<group>"; };
		00D6B62F1EECA3D700F41D58 /* Assets.xcassets */ = {isa = PBXFileReference; lastKnownFileType = folder.assetcatalog; path = Assets.xcassets; sourceTree = "<group>"; };
		00D6B6321EECA3D700F41D58 /* Base */ = {isa = PBXFileReference; lastKnownFileType = file.storyboard; name = Base; path = Base.lproj/LaunchScreen.storyboard; sourceTree = "<group>"; };
		00D6B6341EECA3D700F41D58 /* Info.plist */ = {isa = PBXFileReference; lastKnownFileType = text.plist.xml; path = Info.plist; sourceTree = "<group>"; };
		09E2F6D9D164920E73B80D61 /* Pods-ari.debug.xcconfig */ = {isa = PBXFileReference; includeInIndex = 1; lastKnownFileType = text.xcconfig; name = "Pods-ari.debug.xcconfig"; path = "Pods/Target Support Files/Pods-ari/Pods-ari.debug.xcconfig"; sourceTree = "<group>"; };
		1D632D371488F65DC5DE58F1 /* Pods-ari.release.xcconfig */ = {isa = PBXFileReference; includeInIndex = 1; lastKnownFileType = text.xcconfig; name = "Pods-ari.release.xcconfig"; path = "Pods/Target Support Files/Pods-ari/Pods-ari.release.xcconfig"; sourceTree = "<group>"; };
		CE694AC6CBD67C7A2E3F8368 /* Pods_ari.framework */ = {isa = PBXFileReference; explicitFileType = wrapper.framework; includeInIndex = 0; path = Pods_ari.framework; sourceTree = BUILT_PRODUCTS_DIR; };
/* End PBXFileReference section */

/* Begin PBXFrameworksBuildPhase section */
		00D6B6221EECA3D600F41D58 /* Frameworks */ = {
			isa = PBXFrameworksBuildPhase;
			buildActionMask = 2147483647;
			files = (
				25660B3B82147BDF5831C19E /* Pods_ari.framework in Frameworks */,
			);
			runOnlyForDeploymentPostprocessing = 0;
		};
/* End PBXFrameworksBuildPhase section */

/* Begin PBXGroup section */
		00D6B61C1EECA3D600F41D58 = {
			isa = PBXGroup;
			children = (
				00D6B6271EECA3D600F41D58 /* ari */,
				00D6B6261EECA3D600F41D58 /* Products */,
				4CD2450BC993321EEE08245C /* Pods */,
				B195242786F494C3626DCDC1 /* Frameworks */,
			);
			sourceTree = "<group>";
		};
		00D6B6261EECA3D600F41D58 /* Products */ = {
			isa = PBXGroup;
			children = (
				00D6B6251EECA3D600F41D58 /* ari.app */,
			);
			name = Products;
			sourceTree = "<group>";
		};
		00D6B6271EECA3D600F41D58 /* ari */ = {
			isa = PBXGroup;
			children = (
				00D6B6281EECA3D600F41D58 /* AppDelegate.swift */,
				00D6B62A1EECA3D600F41D58 /* ViewController.swift */,
				00D6B62C1EECA3D700F41D58 /* Main.storyboard */,
				00D6B62F1EECA3D700F41D58 /* Assets.xcassets */,
				00D6B6311EECA3D700F41D58 /* LaunchScreen.storyboard */,
				00D6B6341EECA3D700F41D58 /* Info.plist */,
				0029E0091EF489B800E2ADCC /* RegisterPageViewController.swift */,
				005660011EF4C6CC00288804 /* Consts.swift */,
				005660031EF4DFD700288804 /* LoginViewController.swift */,
				0057EC681EF5AFFA0047C757 /* SearchTableViewController.swift */,
				0057EC6C1EF5F59F0047C757 /* SearchPageViewController.swift */,
			);
			path = ari;
			sourceTree = "<group>";
		};
		4CD2450BC993321EEE08245C /* Pods */ = {
			isa = PBXGroup;
			children = (
				09E2F6D9D164920E73B80D61 /* Pods-ari.debug.xcconfig */,
				1D632D371488F65DC5DE58F1 /* Pods-ari.release.xcconfig */,
			);
			name = Pods;
			sourceTree = "<group>";
		};
		B195242786F494C3626DCDC1 /* Frameworks */ = {
			isa = PBXGroup;
			children = (
				CE694AC6CBD67C7A2E3F8368 /* Pods_ari.framework */,
			);
			name = Frameworks;
			sourceTree = "<group>";
		};
/* End PBXGroup section */

/* Begin PBXNativeTarget section */
		00D6B6241EECA3D600F41D58 /* ari */ = {
			isa = PBXNativeTarget;
			buildConfigurationList = 00D6B6371EECA3D700F41D58 /* Build configuration list for PBXNativeTarget "ari" */;
			buildPhases = (
				6D20361FBFD4CD76B898970D /* [CP] Check Pods Manifest.lock */,
				00D6B6211EECA3D600F41D58 /* Sources */,
				00D6B6221EECA3D600F41D58 /* Frameworks */,
				00D6B6231EECA3D600F41D58 /* Resources */,
				F95F2C9D0B50BD3627D938FE /* [CP] Embed Pods Frameworks */,
				3E412FD245E79654859637BE /* [CP] Copy Pods Resources */,
			);
			buildRules = (
			);
			dependencies = (
			);
			name = ari;
			productName = ari;
			productReference = 00D6B6251EECA3D600F41D58 /* ari.app */;
			productType = "com.apple.product-type.application";
		};
/* End PBXNativeTarget section */

/* Begin PBXProject section */
		00D6B61D1EECA3D600F41D58 /* Project object */ = {
			isa = PBXProject;
			attributes = {
				LastSwiftUpdateCheck = 0830;
				LastUpgradeCheck = 0830;
				ORGANIZATIONNAME = dylanhelps.com;
				TargetAttributes = {
					00D6B6241EECA3D600F41D58 = {
						CreatedOnToolsVersion = 8.3.2;
						DevelopmentTeam = A8ZQQ523R5;
						ProvisioningStyle = Automatic;
					};
				};
			};
			buildConfigurationList = 00D6B6201EECA3D600F41D58 /* Build configuration list for PBXProject "ari" */;
			compatibilityVersion = "Xcode 3.2";
			developmentRegion = English;
			hasScannedForEncodings = 0;
			knownRegions = (
				en,
				Base,
			);
			mainGroup = 00D6B61C1EECA3D600F41D58;
			productRefGroup = 00D6B6261EECA3D600F41D58 /* Products */;
			projectDirPath = "";
			projectRoot = "";
			targets = (
				00D6B6241EECA3D600F41D58 /* ari */,
			);
		};
/* End PBXProject section */

/* Begin PBXResourcesBuildPhase section */
		00D6B6231EECA3D600F41D58 /* Resources */ = {
			isa = PBXResourcesBuildPhase;
			buildActionMask = 2147483647;
			files = (
				00D6B6331EECA3D700F41D58 /* LaunchScreen.storyboard in Resources */,
				00D6B6301EECA3D700F41D58 /* Assets.xcassets in Resources */,
				00D6B62E1EECA3D700F41D58 /* Main.storyboard in Resources */,
			);
			runOnlyForDeploymentPostprocessing = 0;
		};
/* End PBXResourcesBuildPhase section */

/* Begin PBXShellScriptBuildPhase section */
		3E412FD245E79654859637BE /* [CP] Copy Pods Resources */ = {
			isa = PBXShellScriptBuildPhase;
			buildActionMask = 2147483647;
			files = (
			);
			inputPaths = (
			);
			name = "[CP] Copy Pods Resources";
			outputPaths = (
			);
			runOnlyForDeploymentPostprocessing = 0;
			shellPath = /bin/sh;
			shellScript = "\"${SRCROOT}/Pods/Target Support Files/Pods-ari/Pods-ari-resources.sh\"\n";
			showEnvVarsInLog = 0;
		};
		6D20361FBFD4CD76B898970D /* [CP] Check Pods Manifest.lock */ = {
			isa = PBXShellScriptBuildPhase;
			buildActionMask = 2147483647;
			files = (
			);
			inputPaths = (
			);
			name = "[CP] Check Pods Manifest.lock";
			outputPaths = (
			);
			runOnlyForDeploymentPostprocessing = 0;
			shellPath = /bin/sh;
			shellScript = "diff \"${PODS_PODFILE_DIR_PATH}/Podfile.lock\" \"${PODS_ROOT}/Manifest.lock\" > /dev/null\nif [ $? != 0 ] ; then\n    # print error to STDERR\n    echo \"error: The sandbox is not in sync with the Podfile.lock. Run 'pod install' or update your CocoaPods installation.\" >&2\n    exit 1\nfi\n";
			showEnvVarsInLog = 0;
		};
		F95F2C9D0B50BD3627D938FE /* [CP] Embed Pods Frameworks */ = {
			isa = PBXShellScriptBuildPhase;
			buildActionMask = 2147483647;
			files = (
			);
			inputPaths = (
			);
			name = "[CP] Embed Pods Frameworks";
			outputPaths = (
			);
			runOnlyForDeploymentPostprocessing = 0;
			shellPath = /bin/sh;
			shellScript = "\"${SRCROOT}/Pods/Target Support Files/Pods-ari/Pods-ari-frameworks.sh\"\n";
			showEnvVarsInLog = 0;
		};
/* End PBXShellScriptBuildPhase section */

/* Begin PBXSourcesBuildPhase section */
		00D6B6211EECA3D600F41D58 /* Sources */ = {
			isa = PBXSourcesBuildPhase;
			buildActionMask = 2147483647;
			files = (
				00D6B62B1EECA3D600F41D58 /* ViewController.swift in Sources */,
				0057EC691EF5AFFA0047C757 /* SearchTableViewController.swift in Sources */,
				0057EC6D1EF5F59F0047C757 /* SearchPageViewController.swift in Sources */,
				005660021EF4C6CC00288804 /* Consts.swift in Sources */,
				00D6B6291EECA3D600F41D58 /* AppDelegate.swift in Sources */,
				005660041EF4DFD700288804 /* LoginViewController.swift in Sources */,
				0029E00A1EF489B800E2ADCC /* RegisterPageViewController.swift in Sources */,
			);
			runOnlyForDeploymentPostprocessing = 0;
		};
/* End PBXSourcesBuildPhase section */

/* Begin PBXVariantGroup section */
		00D6B62C1EECA3D700F41D58 /* Main.storyboard */ = {
			isa = PBXVariantGroup;
			children = (
				00D6B62D1EECA3D700F41D58 /* Base */,
			);
			name = Main.storyboard;
			sourceTree = "<group>";
		};
		00D6B6311EECA3D700F41D58 /* LaunchScreen.storyboard */ = {
			isa = PBXVariantGroup;
			children = (
				00D6B6321EECA3D700F41D58 /* Base */,
			);
			name = LaunchScreen.storyboard;
			sourceTree = "<group>";
		};
/* End PBXVariantGroup section */

/* Begin XCBuildConfiguration section */
		00D6B6351EECA3D700F41D58 /* Debug */ = {
			isa = XCBuildConfiguration;
			buildSettings = {
				ALWAYS_SEARCH_USER_PATHS = NO;
				CLANG_ANALYZER_NONNULL = YES;
				CLANG_ANALYZER_NUMBER_OBJECT_CONVERSION = YES_AGGRESSIVE;
				CLANG_CXX_LANGUAGE_STANDARD = "gnu++0x";
				CLANG_CXX_LIBRARY = "libc++";
				CLANG_ENABLE_MODULES = YES;
				CLANG_ENABLE_OBJC_ARC = YES;
				CLANG_WARN_BOOL_CONVERSION = YES;
				CLANG_WARN_CONSTANT_CONVERSION = YES;
				CLANG_WARN_DIRECT_OBJC_ISA_USAGE = YES_ERROR;
				CLANG_WARN_DOCUMENTATION_COMMENTS = YES;
				CLANG_WARN_EMPTY_BODY = YES;
				CLANG_WARN_ENUM_CONVERSION = YES;
				CLANG_WARN_INFINITE_RECURSION = YES;
				CLANG_WARN_INT_CONVERSION = YES;
				CLANG_WARN_OBJC_ROOT_CLASS = YES_ERROR;
				CLANG_WARN_SUSPICIOUS_MOVE = YES;
				CLANG_WARN_UNREACHABLE_CODE = YES;
				CLANG_WARN__DUPLICATE_METHOD_MATCH = YES;
				"CODE_SIGN_IDENTITY[sdk=iphoneos*]" = "iPhone Developer";
				COPY_PHASE_STRIP = NO;
				DEBUG_INFORMATION_FORMAT = dwarf;
				ENABLE_STRICT_OBJC_MSGSEND = YES;
				ENABLE_TESTABILITY = YES;
				GCC_C_LANGUAGE_STANDARD = gnu99;
				GCC_DYNAMIC_NO_PIC = NO;
				GCC_NO_COMMON_BLOCKS = YES;
				GCC_OPTIMIZATION_LEVEL = 0;
				GCC_PREPROCESSOR_DEFINITIONS = (
					"DEBUG=1",
					"$(inherited)",
				);
				GCC_WARN_64_TO_32_BIT_CONVERSION = YES;
				GCC_WARN_ABOUT_RETURN_TYPE = YES_ERROR;
				GCC_WARN_UNDECLARED_SELECTOR = YES;
				GCC_WARN_UNINITIALIZED_AUTOS = YES_AGGRESSIVE;
				GCC_WARN_UNUSED_FUNCTION = YES;
				GCC_WARN_UNUSED_VARIABLE = YES;
				IPHONEOS_DEPLOYMENT_TARGET = 10.3;
				MTL_ENABLE_DEBUG_INFO = YES;
				ONLY_ACTIVE_ARCH = YES;
				SDKROOT = iphoneos;
				SWIFT_ACTIVE_COMPILATION_CONDITIONS = DEBUG;
				SWIFT_OPTIMIZATION_LEVEL = "-Onone";
				TARGETED_DEVICE_FAMILY = "1,2";
			};
			name = Debug;
		};
		00D6B6361EECA3D700F41D58 /* Release */ = {
			isa = XCBuildConfiguration;
			buildSettings = {
				ALWAYS_SEARCH_USER_PATHS = NO;
				CLANG_ANALYZER_NONNULL = YES;
				CLANG_ANALYZER_NUMBER_OBJECT_CONVERSION = YES_AGGRESSIVE;
				CLANG_CXX_LANGUAGE_STANDARD = "gnu++0x";
				CLANG_CXX_LIBRARY = "libc++";
				CLANG_ENABLE_MODULES = YES;
				CLANG_ENABLE_OBJC_ARC = YES;
				CLANG_WARN_BOOL_CONVERSION = YES;
				CLANG_WARN_CONSTANT_CONVERSION = YES;
				CLANG_WARN_DIRECT_OBJC_ISA_USAGE = YES_ERROR;
				CLANG_WARN_DOCUMENTATION_COMMENTS = YES;
				CLANG_WARN_EMPTY_BODY = YES;
				CLANG_WARN_ENUM_CONVERSION = YES;
				CLANG_WARN_INFINITE_RECURSION = YES;
				CLANG_WARN_INT_CONVERSION = YES;
				CLANG_WARN_OBJC_ROOT_CLASS = YES_ERROR;
				CLANG_WARN_SUSPICIOUS_MOVE = YES;
				CLANG_WARN_UNREACHABLE_CODE = YES;
				CLANG_WARN__DUPLICATE_METHOD_MATCH = YES;
				"CODE_SIGN_IDENTITY[sdk=iphoneos*]" = "iPhone Developer";
				COPY_PHASE_STRIP = NO;
				DEBUG_INFORMATION_FORMAT = "dwarf-with-dsym";
				ENABLE_NS_ASSERTIONS = NO;
				ENABLE_STRICT_OBJC_MSGSEND = YES;
				GCC_C_LANGUAGE_STANDARD = gnu99;
				GCC_NO_COMMON_BLOCKS = YES;
				GCC_WARN_64_TO_32_BIT_CONVERSION = YES;
				GCC_WARN_ABOUT_RETURN_TYPE = YES_ERROR;
				GCC_WARN_UNDECLARED_SELECTOR = YES;
				GCC_WARN_UNINITIALIZED_AUTOS = YES_AGGRESSIVE;
				GCC_WARN_UNUSED_FUNCTION = YES;
				GCC_WARN_UNUSED_VARIABLE = YES;
				IPHONEOS_DEPLOYMENT_TARGET = 10.3;
				MTL_ENABLE_DEBUG_INFO = NO;
				SDKROOT = iphoneos;
				SWIFT_OPTIMIZATION_LEVEL = "-Owholemodule";
				TARGETED_DEVICE_FAMILY = "1,2";
				VALIDATE_PRODUCT = YES;
			};
			name = Release;
		};
		00D6B6381EECA3D700F41D58 /* Debug */ = {
			isa = XCBuildConfiguration;
			baseConfigurationReference = 09E2F6D9D164920E73B80D61 /* Pods-ari.debug.xcconfig */;
			buildSettings = {
				ASSETCATALOG_COMPILER_APPICON_NAME = AppIcon;
				DEVELOPMENT_TEAM = A8ZQQ523R5;
				INFOPLIST_FILE = ari/Info.plist;
				LD_RUNPATH_SEARCH_PATHS = "$(inherited) @executable_path/Frameworks";
				PRODUCT_BUNDLE_IDENTIFIER = com.dylanhelps.ari;
				PRODUCT_NAME = "$(TARGET_NAME)";
				SWIFT_VERSION = 3.0;
			};
			name = Debug;
		};
		00D6B6391EECA3D700F41D58 /* Release */ = {
			isa = XCBuildConfiguration;
			baseConfigurationReference = 1D632D371488F65DC5DE58F1 /* Pods-ari.release.xcconfig */;
			buildSettings = {
				ASSETCATALOG_COMPILER_APPICON_NAME = AppIcon;
				DEVELOPMENT_TEAM = A8ZQQ523R5;
				INFOPLIST_FILE = ari/Info.plist;
				LD_RUNPATH_SEARCH_PATHS = "$(inherited) @executable_path/Frameworks";
				PRODUCT_BUNDLE_IDENTIFIER = com.dylanhelps.ari;
				PRODUCT_NAME = "$(TARGET_NAME)";
				SWIFT_VERSION = 3.0;
			};
			name = Release;
		};
/* End XCBuildConfiguration section */

/* Begin XCConfigurationList section */
		00D6B6201EECA3D600F41D58 /* Build configuration list for PBXProject "ari" */ = {
			isa = XCConfigurationList;
			buildConfigurations = (
				00D6B6351EECA3D700F41D58 /* Debug */,
				00D6B6361EECA3D700F41D58 /* Release */,
			);
			defaultConfigurationIsVisible = 0;
			defaultConfigurationName = Release;
		};
		00D6B6371EECA3D700F41D58 /* Build configuration list for PBXNativeTarget "ari" */ = {
			isa = XCConfigurationList;
			buildConfigurations = (
				00D6B6381EECA3D700F41D58 /* Debug */,
				00D6B6391EECA3D700F41D58 /* Release */,
			);
			defaultConfigurationIsVisible = 0;
			defaultConfigurationName = Release;
		};
/* End XCConfigurationList section */
	};
	rootObject = 00D6B61D1EECA3D600F41D58 /* Project object */;
}
